{
  "name": "wav2bar-reborn",
  "lockfileVersion": 3,
  "requires": true,
  "packages": {
    "": {
      "devDependencies": {
        "@tauri-apps/cli": "^2.0.1"
      }
    },
    "node_modules/@tauri-apps/cli": {
      "version": "2.0.1",
      "resolved": "https://registry.npmjs.org/@tauri-apps/cli/-/cli-2.0.1.tgz",
      "integrity": "sha512-fCheW0iWYWUtFV3ui3HlMhk3ZJpAQ5KJr7B7UmfhDzBSy1h5JBdrCtvDwy+3AcPN+Fg5Ey3JciF8zEP8eBx+vQ==",
      "dev": true,
      "license": "Apache-2.0 OR MIT",
      "bin": {
        "tauri": "tauri.js"
      },
      "engines": {
        "node": ">= 10"
      },
      "funding": {
        "type": "opencollective",
        "url": "https://opencollective.com/tauri"
      },
      "optionalDependencies": {
        "@tauri-apps/cli-darwin-arm64": "2.0.1",
        "@tauri-apps/cli-darwin-x64": "2.0.1",
        "@tauri-apps/cli-linux-arm-gnueabihf": "2.0.1",
        "@tauri-apps/cli-linux-arm64-gnu": "2.0.1",
        "@tauri-apps/cli-linux-arm64-musl": "2.0.1",
        "@tauri-apps/cli-linux-x64-gnu": "2.0.1",
        "@tauri-apps/cli-linux-x64-musl": "2.0.1",
        "@tauri-apps/cli-win32-arm64-msvc": "2.0.1",
        "@tauri-apps/cli-win32-ia32-msvc": "2.0.1",
        "@tauri-apps/cli-win32-x64-msvc": "2.0.1"
      }
    },
    "node_modules/@tauri-apps/cli-darwin-arm64": {
      "version": "2.0.1",
      "resolved": "https://registry.npmjs.org/@tauri-apps/cli-darwin-arm64/-/cli-darwin-arm64-2.0.1.tgz",
      "integrity": "sha512-oWjCZoFbm57V0eLEkIbc6aUmB4iW65QF7J8JVh5sNzH4xHGP9rzlQarbkg7LOn89z7mFSZpaLJAWlaaZwoV2Ug==",
      "cpu": [
        "arm64"
      ],
      "dev": true,
      "license": "Apache-2.0 OR MIT",
      "optional": true,
      "os": [
        "darwin"
      ],
      "engines": {
        "node": ">= 10"
      }
    },
    "node_modules/@tauri-apps/cli-darwin-x64": {
      "version": "2.0.1",
      "resolved": "https://registry.npmjs.org/@tauri-apps/cli-darwin-x64/-/cli-darwin-x64-2.0.1.tgz",
      "integrity": "sha512-bARd5yAnDGpG/FPhSh87+tzQ6D0TPyP2mZ5bg6cioeoXDmry68nT/FBzp87ySR1/KHvuhEQYWM/4RPrDjvI1Yg==",
      "cpu": [
        "x64"
      ],
      "dev": true,
      "license": "Apache-2.0 OR MIT",
      "optional": true,
      "os": [
        "darwin"
      ],
      "engines": {
        "node": ">= 10"
      }
    },
    "node_modules/@tauri-apps/cli-linux-arm-gnueabihf": {
      "version": "2.0.1",
      "resolved": "https://registry.npmjs.org/@tauri-apps/cli-linux-arm-gnueabihf/-/cli-linux-arm-gnueabihf-2.0.1.tgz",
      "integrity": "sha512-OK3/RpxujoZAUbV7GHe4IPAUsIO6IuWEHT++jHXP+YW5Y7QezGGjQRc43IlWaQYej/yE8wfcrwrbqisc5wtiCw==",
      "cpu": [
        "arm"
      ],
      "dev": true,
      "license": "Apache-2.0 OR MIT",
      "optional": true,
      "os": [
        "linux"
      ],
      "engines": {
        "node": ">= 10"
      }
    },
    "node_modules/@tauri-apps/cli-linux-arm64-gnu": {
      "version": "2.0.1",
      "resolved": "https://registry.npmjs.org/@tauri-apps/cli-linux-arm64-gnu/-/cli-linux-arm64-gnu-2.0.1.tgz",
      "integrity": "sha512-MGSQJduiMEApspMK97mFt4kr6ig0OtxO5SUFpPDfYPw/XmY9utaRa9CEG6LcH8e0GN9xxYMhCv+FeU48spYPhA==",
      "cpu": [
        "arm64"
      ],
      "dev": true,
      "license": "Apache-2.0 OR MIT",
      "optional": true,
      "os": [
        "linux"
      ],
      "engines": {
        "node": ">= 10"
      }
    },
    "node_modules/@tauri-apps/cli-linux-arm64-musl": {
      "version": "2.0.1",
      "resolved": "https://registry.npmjs.org/@tauri-apps/cli-linux-arm64-musl/-/cli-linux-arm64-musl-2.0.1.tgz",
      "integrity": "sha512-R6+vgxaPpxgGi4suMkQgGuhjMbZzMJfVyWfv2DOE/xxOzSK1BAOc54/HOjfOLxlnkA6uD6V69MwCwXgxW00A2g==",
      "cpu": [
        "arm64"
      ],
      "dev": true,
      "license": "Apache-2.0 OR MIT",
      "optional": true,
      "os": [
        "linux"
      ],
      "engines": {
        "node": ">= 10"
      }
    },
    "node_modules/@tauri-apps/cli-linux-x64-gnu": {
      "version": "2.0.1",
      "resolved": "https://registry.npmjs.org/@tauri-apps/cli-linux-x64-gnu/-/cli-linux-x64-gnu-2.0.1.tgz",
      "integrity": "sha512-xrasYQnUZVhKJhBxHAeu4KxZbofaQlsG9KfZ9p1Bx+hmjs5BuujzwMnXsVD2a4l6GPW6gwblf2a6d600rySmWQ==",
      "cpu": [
        "x64"
      ],
      "dev": true,
      "license": "Apache-2.0 OR MIT",
      "optional": true,
      "os": [
        "linux"
      ],
      "engines": {
        "node": ">= 10"
      }
    },
    "node_modules/@tauri-apps/cli-linux-x64-musl": {
      "version": "2.0.1",
      "resolved": "https://registry.npmjs.org/@tauri-apps/cli-linux-x64-musl/-/cli-linux-x64-musl-2.0.1.tgz",
      "integrity": "sha512-SPk+EzRTlbvk46p5aURc7O4GihzxbqG80m74vstm0rolnmQ0FX3qqIh3as3cQpDiZWLod4j6EEmX0mTU3QpvXA==",
      "cpu": [
        "x64"
      ],
      "dev": true,
      "license": "Apache-2.0 OR MIT",
      "optional": true,
      "os": [
        "linux"
      ],
      "engines": {
        "node": ">= 10"
      }
    },
    "node_modules/@tauri-apps/cli-win32-arm64-msvc": {
      "version": "2.0.1",
      "resolved": "https://registry.npmjs.org/@tauri-apps/cli-win32-arm64-msvc/-/cli-win32-arm64-msvc-2.0.1.tgz",
      "integrity": "sha512-LAELK01eOMyEt+JZLmx4EUOdRuPYr1a+mHjlxAxCnCaS3dpeg/c5/NMZfbRAJbAH4id+STRHIfPXTdCT2zUNAw==",
      "cpu": [
        "arm64"
      ],
      "dev": true,
      "license": "Apache-2.0 OR MIT",
      "optional": true,
      "os": [
        "win32"
      ],
      "engines": {
        "node": ">= 10"
      }
    },
    "node_modules/@tauri-apps/cli-win32-ia32-msvc": {
      "version": "2.0.1",
      "resolved": "https://registry.npmjs.org/@tauri-apps/cli-win32-ia32-msvc/-/cli-win32-ia32-msvc-2.0.1.tgz",
      "integrity": "sha512-eMUgOS4mAusk5njU2TBxBjCUO1P4cV4uzY5CHihysoXSL2TVQdWrXT42VGeoahJh+yeQWkYFka2s4Bu0iWDMXg==",
      "cpu": [
        "ia32"
      ],
      "dev": true,
      "license": "Apache-2.0 OR MIT",
      "optional": true,
      "os": [
        "win32"
      ],
      "engines": {
        "node": ">= 10"
      }
    },
    "node_modules/@tauri-apps/cli-win32-x64-msvc": {
      "version": "2.0.1",
      "resolved": "https://registry.npmjs.org/@tauri-apps/cli-win32-x64-msvc/-/cli-win32-x64-msvc-2.0.1.tgz",
      "integrity": "sha512-U9esAOcFIv80/slzlpwjkG31Wx1OqbfDgC5KjGT1Dd9iUOSuJZCwbiY7m3rYG2I6RWLfd9zhNu86CVohsKjBfA==",
      "cpu": [
        "x64"
      ],
      "dev": true,
      "license": "Apache-2.0 OR MIT",
      "optional": true,
      "os": [
        "win32"
      ],
      "engines": {
        "node": ">= 10"
      }
    }
  }
}
